
Microsoft Visual Studio Solution File, Format Version 12.00
# Visual Studio Version 16
VisualStudioVersion = 16.0.31129.286
MinimumVisualStudioVersion = 10.0.40219.1
Project("{6EC3EE1D-3C4E-46DD-8F32-0CC8E7565705}") = "Vulkano2", "Vulkano2.fsproj", "{F6C869B8-90D4-40E7-AE53-600AF5585F49}"
	ProjectSection(ProjectDependencies) = postProject
		{15253E36-DDDE-4C0A-9A6E-7632BACC8F7C} = {15253E36-DDDE-4C0A-9A6E-7632BACC8F7C}
		{9E914493-2F70-4F34-8BD5-48185663EC03} = {9E914493-2F70-4F34-8BD5-48185663EC03}
	EndProjectSection
EndProject
Project("{FAE04EC0-301F-11D3-BF4B-00C04F79EFBC}") = "Vulkan", "VulkanSharp\src\Vulkan\Vulkan.csproj", "{15253E36-DDDE-4C0A-9A6E-7632BACC8F7C}"
	ProjectSection(ProjectDependencies) = postProject
		{09F60593-810A-491C-84FB-A9848A182E6D} = {09F60593-810A-491C-84FB-A9848A182E6D}
	EndProjectSection
EndProject
Project("{FAE04EC0-301F-11D3-BF4B-00C04F79EFBC}") = "Vulkan.Windows", "VulkanSharp\src\Platforms\Windows\Vulkan.Windows.csproj", "{9E914493-2F70-4F34-8BD5-48185663EC03}"
	ProjectSection(ProjectDependencies) = postProject
		{09F60593-810A-491C-84FB-A9848A182E6D} = {09F60593-810A-491C-84FB-A9848A182E6D}
	EndProjectSection
EndProject
Project("{FAE04EC0-301F-11D3-BF4B-00C04F79EFBC}") = "Generator", "VulkanSharp\tools\Generator\Generator.csproj", "{09F60593-810A-491C-84FB-A9848A182E6D}"
EndProject
Global
	GlobalSection(SolutionConfigurationPlatforms) = preSolution
		Debug|Any CPU = Debug|Any CPU
		Release|Any CPU = Release|Any CPU
	EndGlobalSection
	GlobalSection(ProjectConfigurationPlatforms) = postSolution
		{F6C869B8-90D4-40E7-AE53-600AF5585F49}.Debug|Any CPU.ActiveCfg = Debug|Any CPU
		{F6C869B8-90D4-40E7-AE53-600AF5585F49}.Debug|Any CPU.Build.0 = Debug|Any CPU
		{F6C869B8-90D4-40E7-AE53-600AF5585F49}.Release|Any CPU.ActiveCfg = Release|Any CPU
		{F6C869B8-90D4-40E7-AE53-600AF5585F49}.Release|Any CPU.Build.0 = Release|Any CPU
		{15253E36-DDDE-4C0A-9A6E-7632BACC8F7C}.Debug|Any CPU.ActiveCfg = Debug|Any CPU
		{15253E36-DDDE-4C0A-9A6E-7632BACC8F7C}.Debug|Any CPU.Build.0 = Debug|Any CPU
		{15253E36-DDDE-4C0A-9A6E-7632BACC8F7C}.Release|Any CPU.ActiveCfg = Release|Any CPU
		{15253E36-DDDE-4C0A-9A6E-7632BACC8F7C}.Release|Any CPU.Build.0 = Release|Any CPU
		{9E914493-2F70-4F34-8BD5-48185663EC03}.Debug|Any CPU.ActiveCfg = Debug|Any CPU
		{9E914493-2F70-4F34-8BD5-48185663EC03}.Debug|Any CPU.Build.0 = Debug|Any CPU
		{9E914493-2F70-4F34-8BD5-48185663EC03}.Release|Any CPU.ActiveCfg = Release|Any CPU
		{9E914493-2F70-4F34-8BD5-48185663EC03}.Release|Any CPU.Build.0 = Release|Any CPU
		{09F60593-810A-491C-84FB-A9848A182E6D}.Debug|Any CPU.ActiveCfg = Debug|Any CPU
		{09F60593-810A-491C-84FB-A9848A182E6D}.Debug|Any CPU.Build.0 = Debug|Any CPU
		{09F60593-810A-491C-84FB-A9848A182E6D}.Release|Any CPU.ActiveCfg = Release|Any CPU
		{09F60593-810A-491C-84FB-A9848A182E6D}.Release|Any CPU.Build.0 = Release|Any CPU
	EndGlobalSection
	GlobalSection(SolutionProperties) = preSolution
		HideSolutionNode = FALSE
	EndGlobalSection
	GlobalSection(ExtensibilityGlobals) = postSolution
		SolutionGuid = {62C3D95B-A8A3-4C0E-B661-7A64EECFDC43}
	EndGlobalSection
EndGlobal
